
Microsoft Visual Studio Solution File, Format Version 12.00
# Visual Studio 2012
Project("{FAE04EC0-301F-11D3-BF4B-00C04F79EFBC}") = "AndriodWebService", "AndriodWebService\AndriodWebService.csproj", "{4227F06C-AD5B-423B-AC0E-71AB4275FDC3}"
EndProject
Global
	GlobalSection(SolutionConfigurationPlatforms) = preSolution
		Debug|x86 = Debug|x86
		Release|x86 = Release|x86
	EndGlobalSection
	GlobalSection(ProjectConfigurationPlatforms) = postSolution
		{4227F06C-AD5B-423B-AC0E-71AB4275FDC3}.Debug|x86.ActiveCfg = Debug|x86
		{4227F06C-AD5B-423B-AC0E-71AB4275FDC3}.Debug|x86.Build.0 = Debug|x86
		{4227F06C-AD5B-423B-AC0E-71AB4275FDC3}.Release|x86.ActiveCfg = Release|x86
		{4227F06C-AD5B-423B-AC0E-71AB4275FDC3}.Release|x86.Build.0 = Release|x86
	EndGlobalSection
EndGlobal
